// !$*UTF8*$!
{
	archiveVersion = 1;
	classes = {
	};
	objectVersion = 50;
	objects = {

/* Begin PBXBuildFile section */
		877BD22B2180D36C005D41E3 /* Camera.swift in Sources */ = {isa = PBXBuildFile; fileRef = 877BD22A2180D36C005D41E3 /* Camera.swift */; };
		877BD22D2180D3DF005D41E3 /* MetalRender.swift in Sources */ = {isa = PBXBuildFile; fileRef = 877BD22C2180D3DF005D41E3 /* MetalRender.swift */; };
		C627A865215398C400699D64 /* AppDelegate.swift in Sources */ = {isa = PBXBuildFile; fileRef = C627A864215398C400699D64 /* AppDelegate.swift */; };
		C627A867215398C400699D64 /* ViewController.swift in Sources */ = {isa = PBXBuildFile; fileRef = C627A866215398C400699D64 /* ViewController.swift */; };
		C627A86A215398C400699D64 /* Main.storyboard in Resources */ = {isa = PBXBuildFile; fileRef = C627A868215398C400699D64 /* Main.storyboard */; };
		C627A86C215398C600699D64 /* Assets.xcassets in Resources */ = {isa = PBXBuildFile; fileRef = C627A86B215398C600699D64 /* Assets.xcassets */; };
		C627A86F215398C600699D64 /* LaunchScreen.storyboard in Resources */ = {isa = PBXBuildFile; fileRef = C627A86D215398C600699D64 /* LaunchScreen.storyboard */; };
		C627A87A215398C600699D64 /* CameraDemoTests.swift in Sources */ = {isa = PBXBuildFile; fileRef = C627A879215398C600699D64 /* CameraDemoTests.swift */; };
		C627A885215398C600699D64 /* CameraDemoUITests.swift in Sources */ = {isa = PBXBuildFile; fileRef = C627A884215398C600699D64 /* CameraDemoUITests.swift */; };
		C627A895215398E400699D64 /* CameraManager.swift in Sources */ = {isa = PBXBuildFile; fileRef = C627A894215398E400699D64 /* CameraManager.swift */; };
		C627A8982153BD3400699D64 /* Shader.metal in Sources */ = {isa = PBXBuildFile; fileRef = C627A8972153BD3400699D64 /* Shader.metal */; };
/* End PBXBuildFile section */

/* Begin PBXContainerItemProxy section */
		C627A876215398C600699D64 /* PBXContainerItemProxy */ = {
			isa = PBXContainerItemProxy;
			containerPortal = C627A859215398C400699D64 /* Project object */;
			proxyType = 1;
			remoteGlobalIDString = C627A860215398C400699D64;
			remoteInfo = CameraDemo;
		};
		C627A881215398C600699D64 /* PBXContainerItemProxy */ = {
			isa = PBXContainerItemProxy;
			containerPortal = C627A859215398C400699D64 /* Project object */;
			proxyType = 1;
			remoteGlobalIDString = C627A860215398C400699D64;
			remoteInfo = CameraDemo;
		};
/* End PBXContainerItemProxy section */

/* Begin PBXFileReference section */
		877BD22A2180D36C005D41E3 /* Camera.swift */ = {isa = PBXFileReference; lastKnownFileType = sourcecode.swift; path = Camera.swift; sourceTree = "<group>"; };
		877BD22C2180D3DF005D41E3 /* MetalRender.swift */ = {isa = PBXFileReference; lastKnownFileType = sourcecode.swift; path = MetalRender.swift; sourceTree = "<group>"; };
		C627A861215398C400699D64 /* CameraDemo.app */ = {isa = PBXFileReference; explicitFileType = wrapper.application; includeInIndex = 0; path = CameraDemo.app; sourceTree = BUILT_PRODUCTS_DIR; };
		C627A864215398C400699D64 /* AppDelegate.swift */ = {isa = PBXFileReference; lastKnownFileType = sourcecode.swift; path = AppDelegate.swift; sourceTree = "<group>"; };
		C627A866215398C400699D64 /* ViewController.swift */ = {isa = PBXFileReference; lastKnownFileType = sourcecode.swift; path = ViewController.swift; sourceTree = "<group>"; };
		C627A869215398C400699D64 /* Base */ = {isa = PBXFileReference; lastKnownFileType = file.storyboard; name = Base; path = Base.lproj/Main.storyboard; sourceTree = "<group>"; };
		C627A86B215398C600699D64 /* Assets.xcassets */ = {isa = PBXFileReference; lastKnownFileType = folder.assetcatalog; path = Assets.xcassets; sourceTree = "<group>"; };
		C627A86E215398C600699D64 /* Base */ = {isa = PBXFileReference; lastKnownFileType = file.storyboard; name = Base; path = Base.lproj/LaunchScreen.storyboard; sourceTree = "<group>"; };
		C627A870215398C600699D64 /* Info.plist */ = {isa = PBXFileReference; lastKnownFileType = text.plist.xml; path = Info.plist; sourceTree = "<group>"; };
		C627A875215398C600699D64 /* CameraDemoTests.xctest */ = {isa = PBXFileReference; explicitFileType = wrapper.cfbundle; includeInIndex = 0; path = CameraDemoTests.xctest; sourceTree = BUILT_PRODUCTS_DIR; };
		C627A879215398C600699D64 /* CameraDemoTests.swift */ = {isa = PBXFileReference; lastKnownFileType = sourcecode.swift; path = CameraDemoTests.swift; sourceTree = "<group>"; };
		C627A87B215398C600699D64 /* Info.plist */ = {isa = PBXFileReference; lastKnownFileType = text.plist.xml; path = Info.plist; sourceTree = "<group>"; };
		C627A880215398C600699D64 /* CameraDemoUITests.xctest */ = {isa = PBXFileReference; explicitFileType = wrapper.cfbundle; includeInIndex = 0; path = CameraDemoUITests.xctest; sourceTree = BUILT_PRODUCTS_DIR; };
		C627A884215398C600699D64 /* CameraDemoUITests.swift */ = {isa = PBXFileReference; lastKnownFileType = sourcecode.swift; path = CameraDemoUITests.swift; sourceTree = "<group>"; };
		C627A886215398C600699D64 /* Info.plist */ = {isa = PBXFileReference; lastKnownFileType = text.plist.xml; path = Info.plist; sourceTree = "<group>"; };
		C627A894215398E400699D64 /* CameraManager.swift */ = {isa = PBXFileReference; lastKnownFileType = sourcecode.swift; path = CameraManager.swift; sourceTree = "<group>"; };
		C627A8972153BD3400699D64 /* Shader.metal */ = {isa = PBXFileReference; lastKnownFileType = sourcecode.metal; path = Shader.metal; sourceTree = "<group>"; };
/* End PBXFileReference section */

/* Begin PBXFrameworksBuildPhase section */
		C627A85E215398C400699D64 /* Frameworks */ = {
			isa = PBXFrameworksBuildPhase;
			buildActionMask = 2147483647;
			files = (
			);
			runOnlyForDeploymentPostprocessing = 0;
		};
		C627A872215398C600699D64 /* Frameworks */ = {
			isa = PBXFrameworksBuildPhase;
			buildActionMask = 2147483647;
			files = (
			);
			runOnlyForDeploymentPostprocessing = 0;
		};
		C627A87D215398C600699D64 /* Frameworks */ = {
			isa = PBXFrameworksBuildPhase;
			buildActionMask = 2147483647;
			files = (
			);
			runOnlyForDeploymentPostprocessing = 0;
		};
/* End PBXFrameworksBuildPhase section */

/* Begin PBXGroup section */
		C627A858215398C400699D64 = {
			isa = PBXGroup;
			children = (
				C627A863215398C400699D64 /* CameraDemo */,
				C627A878215398C600699D64 /* CameraDemoTests */,
				C627A883215398C600699D64 /* CameraDemoUITests */,
				C627A862215398C400699D64 /* Products */,
			);
			sourceTree = "<group>";
		};
		C627A862215398C400699D64 /* Products */ = {
			isa = PBXGroup;
			children = (
				C627A861215398C400699D64 /* CameraDemo.app */,
				C627A875215398C600699D64 /* CameraDemoTests.xctest */,
				C627A880215398C600699D64 /* CameraDemoUITests.xctest */,
			);
			name = Products;
			sourceTree = "<group>";
		};
		C627A863215398C400699D64 /* CameraDemo */ = {
			isa = PBXGroup;
			children = (
				C627A893215398D300699D64 /* Metal */,
				C627A892215398CD00699D64 /* Camera */,
				C627A864215398C400699D64 /* AppDelegate.swift */,
				C627A866215398C400699D64 /* ViewController.swift */,
				C627A868215398C400699D64 /* Main.storyboard */,
				C627A86B215398C600699D64 /* Assets.xcassets */,
				C627A86D215398C600699D64 /* LaunchScreen.storyboard */,
				C627A870215398C600699D64 /* Info.plist */,
			);
			path = CameraDemo;
			sourceTree = "<group>";
		};
		C627A878215398C600699D64 /* CameraDemoTests */ = {
			isa = PBXGroup;
			children = (
				C627A879215398C600699D64 /* CameraDemoTests.swift */,
				C627A87B215398C600699D64 /* Info.plist */,
			);
			path = CameraDemoTests;
			sourceTree = "<group>";
		};
		C627A883215398C600699D64 /* CameraDemoUITests */ = {
			isa = PBXGroup;
			children = (
				C627A884215398C600699D64 /* CameraDemoUITests.swift */,
				C627A886215398C600699D64 /* Info.plist */,
			);
			path = CameraDemoUITests;
			sourceTree = "<group>";
		};
		C627A892215398CD00699D64 /* Camera */ = {
			isa = PBXGroup;
			children = (
				C627A894215398E400699D64 /* CameraManager.swift */,
				877BD22A2180D36C005D41E3 /* Camera.swift */,
				877BD22C2180D3DF005D41E3 /* MetalRender.swift */,
			);
			path = Camera;
			sourceTree = "<group>";
		};
		C627A893215398D300699D64 /* Metal */ = {
			isa = PBXGroup;
			children = (
				C627A8972153BD3400699D64 /* Shader.metal */,
			);
			path = Metal;
			sourceTree = "<group>";
		};
/* End PBXGroup section */

/* Begin PBXNativeTarget section */
		C627A860215398C400699D64 /* CameraDemo */ = {
			isa = PBXNativeTarget;
			buildConfigurationList = C627A889215398C600699D64 /* Build configuration list for PBXNativeTarget "CameraDemo" */;
			buildPhases = (
				C627A85D215398C400699D64 /* Sources */,
				C627A85E215398C400699D64 /* Frameworks */,
				C627A85F215398C400699D64 /* Resources */,
			);
			buildRules = (
			);
			dependencies = (
			);
			name = CameraDemo;
			productName = CameraDemo;
			productReference = C627A861215398C400699D64 /* CameraDemo.app */;
			productType = "com.apple.product-type.application";
		};
		C627A874215398C600699D64 /* CameraDemoTests */ = {
			isa = PBXNativeTarget;
			buildConfigurationList = C627A88C215398C600699D64 /* Build configuration list for PBXNativeTarget "CameraDemoTests" */;
			buildPhases = (
				C627A871215398C600699D64 /* Sources */,
				C627A872215398C600699D64 /* Frameworks */,
				C627A873215398C600699D64 /* Resources */,
			);
			buildRules = (
			);
			dependencies = (
				C627A877215398C600699D64 /* PBXTargetDependency */,
			);
			name = CameraDemoTests;
			productName = CameraDemoTests;
			productReference = C627A875215398C600699D64 /* CameraDemoTests.xctest */;
			productType = "com.apple.product-type.bundle.unit-test";
		};
		C627A87F215398C600699D64 /* CameraDemoUITests */ = {
			isa = PBXNativeTarget;
			buildConfigurationList = C627A88F215398C600699D64 /* Build configuration list for PBXNativeTarget "CameraDemoUITests" */;
			buildPhases = (
				C627A87C215398C600699D64 /* Sources */,
				C627A87D215398C600699D64 /* Frameworks */,
				C627A87E215398C600699D64 /* Resources */,
			);
			buildRules = (
			);
			dependencies = (
				C627A882215398C600699D64 /* PBXTargetDependency */,
			);
			name = CameraDemoUITests;
			productName = CameraDemoUITests;
			productReference = C627A880215398C600699D64 /* CameraDemoUITests.xctest */;
			productType = "com.apple.product-type.bundle.ui-testing";
		};
/* End PBXNativeTarget section */

/* Begin PBXProject section */
		C627A859215398C400699D64 /* Project object */ = {
			isa = PBXProject;
			attributes = {
				LastSwiftUpdateCheck = 1000;
				LastUpgradeCheck = 1000;
				ORGANIZATIONNAME = Hobi;
				TargetAttributes = {
					C627A860215398C400699D64 = {
						CreatedOnToolsVersion = 10.0;
					};
					C627A874215398C600699D64 = {
						CreatedOnToolsVersion = 10.0;
						TestTargetID = C627A860215398C400699D64;
					};
					C627A87F215398C600699D64 = {
						CreatedOnToolsVersion = 10.0;
						TestTargetID = C627A860215398C400699D64;
					};
				};
			};
			buildConfigurationList = C627A85C215398C400699D64 /* Build configuration list for PBXProject "CameraDemo" */;
			compatibilityVersion = "Xcode 9.3";
			developmentRegion = en;
			hasScannedForEncodings = 0;
			knownRegions = (
				en,
				Base,
			);
			mainGroup = C627A858215398C400699D64;
			productRefGroup = C627A862215398C400699D64 /* Products */;
			projectDirPath = "";
			projectRoot = "";
			targets = (
				C627A860215398C400699D64 /* CameraDemo */,
				C627A874215398C600699D64 /* CameraDemoTests */,
				C627A87F215398C600699D64 /* CameraDemoUITests */,
			);
		};
/* End PBXProject section */

/* Begin PBXResourcesBuildPhase section */
		C627A85F215398C400699D64 /* Resources */ = {
			isa = PBXResourcesBuildPhase;
			buildActionMask = 2147483647;
			files = (
				C627A86F215398C600699D64 /* LaunchScreen.storyboard in Resources */,
				C627A86C215398C600699D64 /* Assets.xcassets in Resources */,
				C627A86A215398C400699D64 /* Main.storyboard in Resources */,
			);
			runOnlyForDeploymentPostprocessing = 0;
		};
		C627A873215398C600699D64 /* Resources */ = {
			isa = PBXResourcesBuildPhase;
			buildActionMask = 2147483647;
			files = (
			);
			runOnlyForDeploymentPostprocessing = 0;
		};
		C627A87E215398C600699D64 /* Resources */ = {
			isa = PBXResourcesBuildPhase;
			buildActionMask = 2147483647;
			files = (
			);
			runOnlyForDeploymentPostprocessing = 0;
		};
/* End PBXResourcesBuildPhase section */

/* Begin PBXSourcesBuildPhase section */
		C627A85D215398C400699D64 /* Sources */ = {
			isa = PBXSourcesBuildPhase;
			buildActionMask = 2147483647;
			files = (
				C627A8982153BD3400699D64 /* Shader.metal in Sources */,
				877BD22B2180D36C005D41E3 /* Camera.swift in Sources */,
				C627A867215398C400699D64 /* ViewController.swift in Sources */,
				877BD22D2180D3DF005D41E3 /* MetalRender.swift in Sources */,
				C627A895215398E400699D64 /* CameraManager.swift in Sources */,
				C627A865215398C400699D64 /* AppDelegate.swift in Sources */,
			);
			runOnlyForDeploymentPostprocessing = 0;
		};
		C627A871215398C600699D64 /* Sources */ = {
			isa = PBXSourcesBuildPhase;
			buildActionMask = 2147483647;
			files = (
				C627A87A215398C600699D64 /* CameraDemoTests.swift in Sources */,
			);
			runOnlyForDeploymentPostprocessing = 0;
		};
		C627A87C215398C600699D64 /* Sources */ = {
			isa = PBXSourcesBuildPhase;
			buildActionMask = 2147483647;
			files = (
				C627A885215398C600699D64 /* CameraDemoUITests.swift in Sources */,
			);
			runOnlyForDeploymentPostprocessing = 0;
		};
/* End PBXSourcesBuildPhase section */

/* Begin PBXTargetDependency section */
		C627A877215398C600699D64 /* PBXTargetDependency */ = {
			isa = PBXTargetDependency;
			target = C627A860215398C400699D64 /* CameraDemo */;
			targetProxy = C627A876215398C600699D64 /* PBXContainerItemProxy */;
		};
		C627A882215398C600699D64 /* PBXTargetDependency */ = {
			isa = PBXTargetDependency;
			target = C627A860215398C400699D64 /* CameraDemo */;
			targetProxy = C627A881215398C600699D64 /* PBXContainerItemProxy */;
		};
/* End PBXTargetDependency section */

/* Begin PBXVariantGroup section */
		C627A868215398C400699D64 /* Main.storyboard */ = {
			isa = PBXVariantGroup;
			children = (
				C627A869215398C400699D64 /* Base */,
			);
			name = Main.storyboard;
			sourceTree = "<group>";
		};
		C627A86D215398C600699D64 /* LaunchScreen.storyboard */ = {
			isa = PBXVariantGroup;
			children = (
				C627A86E215398C600699D64 /* Base */,
			);
			name = LaunchScreen.storyboard;
			sourceTree = "<group>";
		};
/* End PBXVariantGroup section */

/* Begin XCBuildConfiguration section */
		C627A887215398C600699D64 /* Debug */ = {
			isa = XCBuildConfiguration;
			buildSettings = {
				ALWAYS_SEARCH_USER_PATHS = NO;
				CLANG_ANALYZER_NONNULL = YES;
				CLANG_ANALYZER_NUMBER_OBJECT_CONVERSION = YES_AGGRESSIVE;
				CLANG_CXX_LANGUAGE_STANDARD = "gnu++14";
				CLANG_CXX_LIBRARY = "libc++";
				CLANG_ENABLE_MODULES = YES;
				CLANG_ENABLE_OBJC_ARC = YES;
				CLANG_ENABLE_OBJC_WEAK = YES;
				CLANG_WARN_BLOCK_CAPTURE_AUTORELEASING = YES;
				CLANG_WARN_BOOL_CONVERSION = YES;
				CLANG_WARN_COMMA = YES;
				CLANG_WARN_CONSTANT_CONVERSION = YES;
				CLANG_WARN_DEPRECATED_OBJC_IMPLEMENTATIONS = YES;
				CLANG_WARN_DIRECT_OBJC_ISA_USAGE = YES_ERROR;
				CLANG_WARN_DOCUMENTATION_COMMENTS = YES;
				CLANG_WARN_EMPTY_BODY = YES;
				CLANG_WARN_ENUM_CONVERSION = YES;
				CLANG_WARN_INFINITE_RECURSION = YES;
				CLANG_WARN_INT_CONVERSION = YES;
				CLANG_WARN_NON_LITERAL_NULL_CONVERSION = YES;
				CLANG_WARN_OBJC_IMPLICIT_RETAIN_SELF = YES;
				CLANG_WARN_OBJC_LITERAL_CONVERSION = YES;
				CLANG_WARN_OBJC_ROOT_CLASS = YES_ERROR;
				CLANG_WARN_RANGE_LOOP_ANALYSIS = YES;
				CLANG_WARN_STRICT_PROTOTYPES = YES;
				CLANG_WARN_SUSPICIOUS_MOVE = YES;
				CLANG_WARN_UNGUARDED_AVAILABILITY = YES_AGGRESSIVE;
				CLANG_WARN_UNREACHABLE_CODE = YES;
				CLANG_WARN__DUPLICATE_METHOD_MATCH = YES;
				CODE_SIGN_IDENTITY = "iPhone Developer";
				COPY_PHASE_STRIP = NO;
				DEBUG_INFORMATION_FORMAT = dwarf;
				ENABLE_STRICT_OBJC_MSGSEND = YES;
				ENABLE_TESTABILITY = YES;
				GCC_C_LANGUAGE_STANDARD = gnu11;
				GCC_DYNAMIC_NO_PIC = NO;
				GCC_NO_COMMON_BLOCKS = YES;
				GCC_OPTIMIZATION_LEVEL = 0;
				GCC_PREPROCESSOR_DEFINITIONS = (
					"DEBUG=1",
					"$(inherited)",
				);
				GCC_WARN_64_TO_32_BIT_CONVERSION = YES;
				GCC_WARN_ABOUT_RETURN_TYPE = YES_ERROR;
				GCC_WARN_UNDECLARED_SELECTOR = YES;
				GCC_WARN_UNINITIALIZED_AUTOS = YES_AGGRESSIVE;
				GCC_WARN_UNUSED_FUNCTION = YES;
				GCC_WARN_UNUSED_VARIABLE = YES;
				IPHONEOS_DEPLOYMENT_TARGET = 12.0;
				MTL_ENABLE_DEBUG_INFO = INCLUDE_SOURCE;
				MTL_FAST_MATH = YES;
				ONLY_ACTIVE_ARCH = YES;
				SDKROOT = iphoneos;
				SWIFT_ACTIVE_COMPILATION_CONDITIONS = DEBUG;
				SWIFT_OPTIMIZATION_LEVEL = "-Onone";
			};
			name = Debug;
		};
		C627A888215398C600699D64 /* Release */ = {
			isa = XCBuildConfiguration;
			buildSettings = {
				ALWAYS_SEARCH_USER_PATHS = NO;
				CLANG_ANALYZER_NONNULL = YES;
				CLANG_ANALYZER_NUMBER_OBJECT_CONVERSION = YES_AGGRESSIVE;
				CLANG_CXX_LANGUAGE_STANDARD = "gnu++14";
				CLANG_CXX_LIBRARY = "libc++";
				CLANG_ENABLE_MODULES = YES;
				CLANG_ENABLE_OBJC_ARC = YES;
				CLANG_ENABLE_OBJC_WEAK = YES;
				CLANG_WARN_BLOCK_CAPTURE_AUTORELEASING = YES;
				CLANG_WARN_BOOL_CONVERSION = YES;
				CLANG_WARN_COMMA = YES;
				CLANG_WARN_CONSTANT_CONVERSION = YES;
				CLANG_WARN_DEPRECATED_OBJC_IMPLEMENTATIONS = YES;
				CLANG_WARN_DIRECT_OBJC_ISA_USAGE = YES_ERROR;
				CLANG_WARN_DOCUMENTATION_COMMENTS = YES;
				CLANG_WARN_EMPTY_BODY = YES;
				CLANG_WARN_ENUM_CONVERSION = YES;
				CLANG_WARN_INFINITE_RECURSION = YES;
				CLANG_WARN_INT_CONVERSION = YES;
				CLANG_WARN_NON_LITERAL_NULL_CONVERSION = YES;
				CLANG_WARN_OBJC_IMPLICIT_RETAIN_SELF = YES;
				CLANG_WARN_OBJC_LITERAL_CONVERSION = YES;
				CLANG_WARN_OBJC_ROOT_CLASS = YES_ERROR;
				CLANG_WARN_RANGE_LOOP_ANALYSIS = YES;
				CLANG_WARN_STRICT_PROTOTYPES = YES;
				CLANG_WARN_SUSPICIOUS_MOVE = YES;
				CLANG_WARN_UNGUARDED_AVAILABILITY = YES_AGGRESSIVE;
				CLANG_WARN_UNREACHABLE_CODE = YES;
				CLANG_WARN__DUPLICATE_METHOD_MATCH = YES;
				CODE_SIGN_IDENTITY = "iPhone Developer";
				COPY_PHASE_STRIP = NO;
				DEBUG_INFORMATION_FORMAT = "dwarf-with-dsym";
				ENABLE_NS_ASSERTIONS = NO;
				ENABLE_STRICT_OBJC_MSGSEND = YES;
				GCC_C_LANGUAGE_STANDARD = gnu11;
				GCC_NO_COMMON_BLOCKS = YES;
				GCC_WARN_64_TO_32_BIT_CONVERSION = YES;
				GCC_WARN_ABOUT_RETURN_TYPE = YES_ERROR;
				GCC_WARN_UNDECLARED_SELECTOR = YES;
				GCC_WARN_UNINITIALIZED_AUTOS = YES_AGGRESSIVE;
				GCC_WARN_UNUSED_FUNCTION = YES;
				GCC_WARN_UNUSED_VARIABLE = YES;
				IPHONEOS_DEPLOYMENT_TARGET = 12.0;
				MTL_ENABLE_DEBUG_INFO = NO;
				MTL_FAST_MATH = YES;
				SDKROOT = iphoneos;
				SWIFT_COMPILATION_MODE = wholemodule;
				SWIFT_OPTIMIZATION_LEVEL = "-O";
				VALIDATE_PRODUCT = YES;
			};
			name = Release;
		};
		C627A88A215398C600699D64 /* Debug */ = {
			isa = XCBuildConfiguration;
			buildSettings = {
				ASSETCATALOG_COMPILER_APPICON_NAME = AppIcon;
				CODE_SIGN_IDENTITY = "iPhone Developer";
				CODE_SIGN_STYLE = Automatic;
				DEVELOPMENT_TEAM = V34Y535TMS;
				INFOPLIST_FILE = CameraDemo/Info.plist;
				IPHONEOS_DEPLOYMENT_TARGET = 10.0;
				LD_RUNPATH_SEARCH_PATHS = (
					"$(inherited)",
					"@executable_path/Frameworks",
				);
				PRODUCT_BUNDLE_IDENTIFIER = Hobi.CameraDemo;
				PRODUCT_NAME = "$(TARGET_NAME)";
				PROVISIONING_PROFILE_SPECIFIER = "";
				SWIFT_VERSION = 4.2;
				TARGETED_DEVICE_FAMILY = "1,2";
			};
			name = Debug;
		};
		C627A88B215398C600699D64 /* Release */ = {
			isa = XCBuildConfiguration;
			buildSettings = {
				ASSETCATALOG_COMPILER_APPICON_NAME = AppIcon;
				CODE_SIGN_IDENTITY = "iPhone Developer";
				CODE_SIGN_STYLE = Automatic;
				DEVELOPMENT_TEAM = V34Y535TMS;
				INFOPLIST_FILE = CameraDemo/Info.plist;
				IPHONEOS_DEPLOYMENT_TARGET = 10.0;
				LD_RUNPATH_SEARCH_PATHS = (
					"$(inherited)",
					"@executable_path/Frameworks",
				);
				PRODUCT_BUNDLE_IDENTIFIER = Hobi.CameraDemo;
				PRODUCT_NAME = "$(TARGET_NAME)";
				PROVISIONING_PROFILE_SPECIFIER = "";
				SWIFT_VERSION = 4.2;
				TARGETED_DEVICE_FAMILY = "1,2";
			};
			name = Release;
		};
		C627A88D215398C600699D64 /* Debug */ = {
			isa = XCBuildConfiguration;
			buildSettings = {
				ALWAYS_EMBED_SWIFT_STANDARD_LIBRARIES = YES;
				BUNDLE_LOADER = "$(TEST_HOST)";
				CODE_SIGN_STYLE = Automatic;
				INFOPLIST_FILE = CameraDemoTests/Info.plist;
				LD_RUNPATH_SEARCH_PATHS = (
					"$(inherited)",
					"@executable_path/Frameworks",
					"@loader_path/Frameworks",
				);
				PRODUCT_BUNDLE_IDENTIFIER = Hobi.CameraDemoTests;
				PRODUCT_NAME = "$(TARGET_NAME)";
				SWIFT_VERSION = 4.2;
				TARGETED_DEVICE_FAMILY = "1,2";
				TEST_HOST = "$(BUILT_PRODUCTS_DIR)/CameraDemo.app/CameraDemo";
			};
			name = Debug;
		};
		C627A88E215398C600699D64 /* Release */ = {
			isa = XCBuildConfiguration;
			buildSettings = {
				ALWAYS_EMBED_SWIFT_STANDARD_LIBRARIES = YES;
				BUNDLE_LOADER = "$(TEST_HOST)";
				CODE_SIGN_STYLE = Automatic;
				INFOPLIST_FILE = CameraDemoTests/Info.plist;
				LD_RUNPATH_SEARCH_PATHS = (
					"$(inherited)",
					"@executable_path/Frameworks",
					"@loader_path/Frameworks",
				);
				PRODUCT_BUNDLE_IDENTIFIER = Hobi.CameraDemoTests;
				PRODUCT_NAME = "$(TARGET_NAME)";
				SWIFT_VERSION = 4.2;
				TARGETED_DEVICE_FAMILY = "1,2";
				TEST_HOST = "$(BUILT_PRODUCTS_DIR)/CameraDemo.app/CameraDemo";
			};
			name = Release;
		};
		C627A890215398C600699D64 /* Debug */ = {
			isa = XCBuildConfiguration;
			buildSettings = {
				ALWAYS_EMBED_SWIFT_STANDARD_LIBRARIES = YES;
				CODE_SIGN_STYLE = Automatic;
				INFOPLIST_FILE = CameraDemoUITests/Info.plist;
				LD_RUNPATH_SEARCH_PATHS = (
					"$(inherited)",
					"@executable_path/Frameworks",
					"@loader_path/Frameworks",
				);
				PRODUCT_BUNDLE_IDENTIFIER = Hobi.CameraDemoUITests;
				PRODUCT_NAME = "$(TARGET_NAME)";
				SWIFT_VERSION = 4.2;
				TARGETED_DEVICE_FAMILY = "1,2";
				TEST_TARGET_NAME = CameraDemo;
			};
			name = Debug;
		};
		C627A891215398C600699D64 /* Release */ = {
			isa = XCBuildConfiguration;
			buildSettings = {
				ALWAYS_EMBED_SWIFT_STANDARD_LIBRARIES = YES;
				CODE_SIGN_STYLE = Automatic;
				INFOPLIST_FILE = CameraDemoUITests/Info.plist;
				LD_RUNPATH_SEARCH_PATHS = (
					"$(inherited)",
					"@executable_path/Frameworks",
					"@loader_path/Frameworks",
				);
				PRODUCT_BUNDLE_IDENTIFIER = Hobi.CameraDemoUITests;
				PRODUCT_NAME = "$(TARGET_NAME)";
				SWIFT_VERSION = 4.2;
				TARGETED_DEVICE_FAMILY = "1,2";
				TEST_TARGET_NAME = CameraDemo;
			};
			name = Release;
		};
/* End XCBuildConfiguration section */

/* Begin XCConfigurationList section */
		C627A85C215398C400699D64 /* Build configuration list for PBXProject "CameraDemo" */ = {
			isa = XCConfigurationList;
			buildConfigurations = (
				C627A887215398C600699D64 /* Debug */,
				C627A888215398C600699D64 /* Release */,
			);
			defaultConfigurationIsVisible = 0;
			defaultConfigurationName = Release;
		};
		C627A889215398C600699D64 /* Build configuration list for PBXNativeTarget "CameraDemo" */ = {
			isa = XCConfigurationList;
			buildConfigurations = (
				C627A88A215398C600699D64 /* Debug */,
				C627A88B215398C600699D64 /* Release */,
			);
			defaultConfigurationIsVisible = 0;
			defaultConfigurationName = Release;
		};
		C627A88C215398C600699D64 /* Build configuration list for PBXNativeTarget "CameraDemoTests" */ = {
			isa = XCConfigurationList;
			buildConfigurations = (
				C627A88D215398C600699D64 /* Debug */,
				C627A88E215398C600699D64 /* Release */,
			);
			defaultConfigurationIsVisible = 0;
			defaultConfigurationName = Release;
		};
		C627A88F215398C600699D64 /* Build configuration list for PBXNativeTarget "CameraDemoUITests" */ = {
			isa = XCConfigurationList;
			buildConfigurations = (
				C627A890215398C600699D64 /* Debug */,
				C627A891215398C600699D64 /* Release */,
			);
			defaultConfigurationIsVisible = 0;
			defaultConfigurationName = Release;
		};
/* End XCConfigurationList section */
	};
	rootObject = C627A859215398C400699D64 /* Project object */;
}
